{
  "name": "gpu-poc",
  "version": "1.0.0",
  "lockfileVersion": 3,
  "requires": true,
  "packages": {
    "": {
      "name": "gpu-poc",
      "version": "1.0.0",
      "license": "ISC",
      "dependencies": {
        "@bytecodealliance/preview2-shim": "^0.17.8"
      }
    },
    "node_modules/@bytecodealliance/preview2-shim": {
      "version": "0.17.8",
      "resolved": "https://registry.npmjs.org/@bytecodealliance/preview2-shim/-/preview2-shim-0.17.8.tgz",
      "integrity": "sha512-wS5kg8u0KCML1UeHQPJ1IuOI24x/XLentCzsqPER1+gDNC5Cz2hG4G2blLOZap+3CEGhIhnJ9mmZYj6a2W0Lww==",
      "license": "(Apache-2.0 WITH LLVM-exception)"
    }
  }
}
